// !$*UTF8*$!
{
	archiveVersion = 1;
	classes = {
	};
	objectVersion = 56;
	objects = {

/* Begin PBXBuildFile section */
		486171442A867E9B0034DCEE /* AppDelegate.swift in Sources */ = {isa = PBXBuildFile; fileRef = 486171432A867E9B0034DCEE /* AppDelegate.swift */; };
		486171462A867E9C0034DCEE /* SceneDelegate.swift in Sources */ = {isa = PBXBuildFile; fileRef = 486171452A867E9C0034DCEE /* SceneDelegate.swift */; };
		486171482A867E9C0034DCEE /* ViewController.swift in Sources */ = {isa = PBXBuildFile; fileRef = 486171472A867E9C0034DCEE /* ViewController.swift */; };
		4861714B2A867E9C0034DCEE /* Main.storyboard in Resources */ = {isa = PBXBuildFile; fileRef = 486171492A867E9C0034DCEE /* Main.storyboard */; };
		4861714D2A867E9F0034DCEE /* Assets.xcassets in Resources */ = {isa = PBXBuildFile; fileRef = 4861714C2A867E9F0034DCEE /* Assets.xcassets */; };
		486171502A867E9F0034DCEE /* LaunchScreen.storyboard in Resources */ = {isa = PBXBuildFile; fileRef = 4861714E2A867E9F0034DCEE /* LaunchScreen.storyboard */; };
		486171592A867ED20034DCEE /* Alamofire in Frameworks */ = {isa = PBXBuildFile; productRef = 486171582A867ED20034DCEE /* Alamofire */; };
		4861715C2A867EE40034DCEE /* SwiftyJSON in Frameworks */ = {isa = PBXBuildFile; productRef = 4861715B2A867EE40034DCEE /* SwiftyJSON */; };
		4861715E2A8689E40034DCEE /* TrendViewController.swift in Sources */ = {isa = PBXBuildFile; fileRef = 4861715D2A8689E40034DCEE /* TrendViewController.swift */; };
		486171612A868A000034DCEE /* TrendTableViewCell.swift in Sources */ = {isa = PBXBuildFile; fileRef = 4861715F2A868A000034DCEE /* TrendTableViewCell.swift */; };
		486171622A868A000034DCEE /* TrendTableViewCell.xib in Resources */ = {isa = PBXBuildFile; fileRef = 486171602A868A000034DCEE /* TrendTableViewCell.xib */; };
		486171642A868B420034DCEE /* .gitignore in Resources */ = {isa = PBXBuildFile; fileRef = 486171632A868B420034DCEE /* .gitignore */; };
		486171662A868B590034DCEE /* APIKey.swift in Sources */ = {isa = PBXBuildFile; fileRef = 486171652A868B590034DCEE /* APIKey.swift */; };
		486171682A8754DD0034DCEE /* ReusableViewProtocol.swift in Sources */ = {isa = PBXBuildFile; fileRef = 486171672A8754DD0034DCEE /* ReusableViewProtocol.swift */; };
		4861716B2A8763400034DCEE /* Kingfisher in Frameworks */ = {isa = PBXBuildFile; productRef = 4861716A2A8763400034DCEE /* Kingfisher */; };
		4861716D2A878BA30034DCEE /* CreditViewController.swift in Sources */ = {isa = PBXBuildFile; fileRef = 4861716C2A878BA30034DCEE /* CreditViewController.swift */; };
		4861716F2A8809EB0034DCEE /* CreditTableViewCell.swift in Sources */ = {isa = PBXBuildFile; fileRef = 4861716E2A8809EB0034DCEE /* CreditTableViewCell.swift */; };
/* End PBXBuildFile section */

/* Begin PBXFileReference section */
		486171402A867E9B0034DCEE /* Media Project.app */ = {isa = PBXFileReference; explicitFileType = wrapper.application; includeInIndex = 0; path = "Media Project.app"; sourceTree = BUILT_PRODUCTS_DIR; };
		486171432A867E9B0034DCEE /* AppDelegate.swift */ = {isa = PBXFileReference; lastKnownFileType = sourcecode.swift; path = AppDelegate.swift; sourceTree = "<group>"; };
		486171452A867E9C0034DCEE /* SceneDelegate.swift */ = {isa = PBXFileReference; lastKnownFileType = sourcecode.swift; path = SceneDelegate.swift; sourceTree = "<group>"; };
		486171472A867E9C0034DCEE /* ViewController.swift */ = {isa = PBXFileReference; lastKnownFileType = sourcecode.swift; path = ViewController.swift; sourceTree = "<group>"; };
		4861714A2A867E9C0034DCEE /* Base */ = {isa = PBXFileReference; lastKnownFileType = file.storyboard; name = Base; path = Base.lproj/Main.storyboard; sourceTree = "<group>"; };
		4861714C2A867E9F0034DCEE /* Assets.xcassets */ = {isa = PBXFileReference; lastKnownFileType = folder.assetcatalog; path = Assets.xcassets; sourceTree = "<group>"; };
		4861714F2A867E9F0034DCEE /* Base */ = {isa = PBXFileReference; lastKnownFileType = file.storyboard; name = Base; path = Base.lproj/LaunchScreen.storyboard; sourceTree = "<group>"; };
		486171512A867E9F0034DCEE /* Info.plist */ = {isa = PBXFileReference; lastKnownFileType = text.plist.xml; path = Info.plist; sourceTree = "<group>"; };
		4861715D2A8689E40034DCEE /* TrendViewController.swift */ = {isa = PBXFileReference; lastKnownFileType = sourcecode.swift; path = TrendViewController.swift; sourceTree = "<group>"; };
		4861715F2A868A000034DCEE /* TrendTableViewCell.swift */ = {isa = PBXFileReference; lastKnownFileType = sourcecode.swift; path = TrendTableViewCell.swift; sourceTree = "<group>"; };
		486171602A868A000034DCEE /* TrendTableViewCell.xib */ = {isa = PBXFileReference; lastKnownFileType = file.xib; path = TrendTableViewCell.xib; sourceTree = "<group>"; };
		486171632A868B420034DCEE /* .gitignore */ = {isa = PBXFileReference; lastKnownFileType = text; path = .gitignore; sourceTree = "<group>"; };
		486171652A868B590034DCEE /* APIKey.swift */ = {isa = PBXFileReference; lastKnownFileType = sourcecode.swift; path = APIKey.swift; sourceTree = "<group>"; };
		486171672A8754DD0034DCEE /* ReusableViewProtocol.swift */ = {isa = PBXFileReference; lastKnownFileType = sourcecode.swift; path = ReusableViewProtocol.swift; sourceTree = "<group>"; };
		4861716C2A878BA30034DCEE /* CreditViewController.swift */ = {isa = PBXFileReference; lastKnownFileType = sourcecode.swift; path = CreditViewController.swift; sourceTree = SOURCE_ROOT; };
		4861716E2A8809EB0034DCEE /* CreditTableViewCell.swift */ = {isa = PBXFileReference; lastKnownFileType = sourcecode.swift; path = CreditTableViewCell.swift; sourceTree = SOURCE_ROOT; };
/* End PBXFileReference section */

/* Begin PBXFrameworksBuildPhase section */
		4861713D2A867E9B0034DCEE /* Frameworks */ = {
			isa = PBXFrameworksBuildPhase;
			buildActionMask = 2147483647;
			files = (
				4861716B2A8763400034DCEE /* Kingfisher in Frameworks */,
				4861715C2A867EE40034DCEE /* SwiftyJSON in Frameworks */,
				486171592A867ED20034DCEE /* Alamofire in Frameworks */,
			);
			runOnlyForDeploymentPostprocessing = 0;
		};
/* End PBXFrameworksBuildPhase section */

/* Begin PBXGroup section */
		486171372A867E9B0034DCEE = {
			isa = PBXGroup;
			children = (
				486171422A867E9B0034DCEE /* Media Project */,
				486171412A867E9B0034DCEE /* Products */,
			);
			sourceTree = "<group>";
		};
		486171412A867E9B0034DCEE /* Products */ = {
			isa = PBXGroup;
			children = (
				486171402A867E9B0034DCEE /* Media Project.app */,
			);
			name = Products;
			sourceTree = "<group>";
		};
		486171422A867E9B0034DCEE /* Media Project */ = {
			isa = PBXGroup;
			children = (
				4861716E2A8809EB0034DCEE /* CreditTableViewCell.swift */,
				4861716C2A878BA30034DCEE /* CreditViewController.swift */,
				486171432A867E9B0034DCEE /* AppDelegate.swift */,
				486171452A867E9C0034DCEE /* SceneDelegate.swift */,
				486171472A867E9C0034DCEE /* ViewController.swift */,
				486171492A867E9C0034DCEE /* Main.storyboard */,
				4861715F2A868A000034DCEE /* TrendTableViewCell.swift */,
				486171602A868A000034DCEE /* TrendTableViewCell.xib */,
				4861715D2A8689E40034DCEE /* TrendViewController.swift */,
				486171672A8754DD0034DCEE /* ReusableViewProtocol.swift */,
				486171632A868B420034DCEE /* .gitignore */,
				486171652A868B590034DCEE /* APIKey.swift */,
				4861714C2A867E9F0034DCEE /* Assets.xcassets */,
				4861714E2A867E9F0034DCEE /* LaunchScreen.storyboard */,
				486171512A867E9F0034DCEE /* Info.plist */,
			);
			path = "Media Project";
			sourceTree = "<group>";
		};
/* End PBXGroup section */

/* Begin PBXNativeTarget section */
		4861713F2A867E9B0034DCEE /* Media Project */ = {
			isa = PBXNativeTarget;
			buildConfigurationList = 486171542A867E9F0034DCEE /* Build configuration list for PBXNativeTarget "Media Project" */;
			buildPhases = (
				4861713C2A867E9B0034DCEE /* Sources */,
				4861713D2A867E9B0034DCEE /* Frameworks */,
				4861713E2A867E9B0034DCEE /* Resources */,
			);
			buildRules = (
			);
			dependencies = (
			);
			name = "Media Project";
			packageProductDependencies = (
				486171582A867ED20034DCEE /* Alamofire */,
				4861715B2A867EE40034DCEE /* SwiftyJSON */,
				4861716A2A8763400034DCEE /* Kingfisher */,
			);
			productName = "Media Project";
			productReference = 486171402A867E9B0034DCEE /* Media Project.app */;
			productType = "com.apple.product-type.application";
		};
/* End PBXNativeTarget section */

/* Begin PBXProject section */
		486171382A867E9B0034DCEE /* Project object */ = {
			isa = PBXProject;
			attributes = {
				BuildIndependentTargetsInParallel = 1;
				LastSwiftUpdateCheck = 1420;
				LastUpgradeCheck = 1420;
				TargetAttributes = {
					4861713F2A867E9B0034DCEE = {
						CreatedOnToolsVersion = 14.2;
					};
				};
			};
			buildConfigurationList = 4861713B2A867E9B0034DCEE /* Build configuration list for PBXProject "Media Project" */;
			compatibilityVersion = "Xcode 14.0";
			developmentRegion = en;
			hasScannedForEncodings = 0;
			knownRegions = (
				en,
				Base,
			);
			mainGroup = 486171372A867E9B0034DCEE;
			packageReferences = (
				486171572A867ED20034DCEE /* XCRemoteSwiftPackageReference "Alamofire" */,
				4861715A2A867EE40034DCEE /* XCRemoteSwiftPackageReference "SwiftyJSON" */,
				486171692A8763400034DCEE /* XCRemoteSwiftPackageReference "Kingfisher" */,
			);
			productRefGroup = 486171412A867E9B0034DCEE /* Products */;
			projectDirPath = "";
			projectRoot = "";
			targets = (
				4861713F2A867E9B0034DCEE /* Media Project */,
			);
		};
/* End PBXProject section */

/* Begin PBXResourcesBuildPhase section */
		4861713E2A867E9B0034DCEE /* Resources */ = {
			isa = PBXResourcesBuildPhase;
			buildActionMask = 2147483647;
			files = (
				486171642A868B420034DCEE /* .gitignore in Resources */,
				486171502A867E9F0034DCEE /* LaunchScreen.storyboard in Resources */,
				4861714D2A867E9F0034DCEE /* Assets.xcassets in Resources */,
				4861714B2A867E9C0034DCEE /* Main.storyboard in Resources */,
				486171622A868A000034DCEE /* TrendTableViewCell.xib in Resources */,
			);
			runOnlyForDeploymentPostprocessing = 0;
		};
/* End PBXResourcesBuildPhase section */

/* Begin PBXSourcesBuildPhase section */
		4861713C2A867E9B0034DCEE /* Sources */ = {
			isa = PBXSourcesBuildPhase;
			buildActionMask = 2147483647;
			files = (
				4861715E2A8689E40034DCEE /* TrendViewController.swift in Sources */,
				486171612A868A000034DCEE /* TrendTableViewCell.swift in Sources */,
				486171482A867E9C0034DCEE /* ViewController.swift in Sources */,
				486171442A867E9B0034DCEE /* AppDelegate.swift in Sources */,
				486171682A8754DD0034DCEE /* ReusableViewProtocol.swift in Sources */,
				486171662A868B590034DCEE /* APIKey.swift in Sources */,
				486171462A867E9C0034DCEE /* SceneDelegate.swift in Sources */,
				4861716D2A878BA30034DCEE /* CreditViewController.swift in Sources */,
				4861716F2A8809EB0034DCEE /* CreditTableViewCell.swift in Sources */,
			);
			runOnlyForDeploymentPostprocessing = 0;
		};
/* End PBXSourcesBuildPhase section */

/* Begin PBXVariantGroup section */
		486171492A867E9C0034DCEE /* Main.storyboard */ = {
			isa = PBXVariantGroup;
			children = (
				4861714A2A867E9C0034DCEE /* Base */,
			);
			name = Main.storyboard;
			sourceTree = "<group>";
		};
		4861714E2A867E9F0034DCEE /* LaunchScreen.storyboard */ = {
			isa = PBXVariantGroup;
			children = (
				4861714F2A867E9F0034DCEE /* Base */,
			);
			name = LaunchScreen.storyboard;
			sourceTree = "<group>";
		};
/* End PBXVariantGroup section */

/* Begin XCBuildConfiguration section */
		486171522A867E9F0034DCEE /* Debug */ = {
			isa = XCBuildConfiguration;
			buildSettings = {
				ALWAYS_SEARCH_USER_PATHS = NO;
				CLANG_ANALYZER_NONNULL = YES;
				CLANG_ANALYZER_NUMBER_OBJECT_CONVERSION = YES_AGGRESSIVE;
				CLANG_CXX_LANGUAGE_STANDARD = "gnu++20";
				CLANG_ENABLE_MODULES = YES;
				CLANG_ENABLE_OBJC_ARC = YES;
				CLANG_ENABLE_OBJC_WEAK = YES;
				CLANG_WARN_BLOCK_CAPTURE_AUTORELEASING = YES;
				CLANG_WARN_BOOL_CONVERSION = YES;
				CLANG_WARN_COMMA = YES;
				CLANG_WARN_CONSTANT_CONVERSION = YES;
				CLANG_WARN_DEPRECATED_OBJC_IMPLEMENTATIONS = YES;
				CLANG_WARN_DIRECT_OBJC_ISA_USAGE = YES_ERROR;
				CLANG_WARN_DOCUMENTATION_COMMENTS = YES;
				CLANG_WARN_EMPTY_BODY = YES;
				CLANG_WARN_ENUM_CONVERSION = YES;
				CLANG_WARN_INFINITE_RECURSION = YES;
				CLANG_WARN_INT_CONVERSION = YES;
				CLANG_WARN_NON_LITERAL_NULL_CONVERSION = YES;
				CLANG_WARN_OBJC_IMPLICIT_RETAIN_SELF = YES;
				CLANG_WARN_OBJC_LITERAL_CONVERSION = YES;
				CLANG_WARN_OBJC_ROOT_CLASS = YES_ERROR;
				CLANG_WARN_QUOTED_INCLUDE_IN_FRAMEWORK_HEADER = YES;
				CLANG_WARN_RANGE_LOOP_ANALYSIS = YES;
				CLANG_WARN_STRICT_PROTOTYPES = YES;
				CLANG_WARN_SUSPICIOUS_MOVE = YES;
				CLANG_WARN_UNGUARDED_AVAILABILITY = YES_AGGRESSIVE;
				CLANG_WARN_UNREACHABLE_CODE = YES;
				CLANG_WARN__DUPLICATE_METHOD_MATCH = YES;
				COPY_PHASE_STRIP = NO;
				DEBUG_INFORMATION_FORMAT = dwarf;
				ENABLE_STRICT_OBJC_MSGSEND = YES;
				ENABLE_TESTABILITY = YES;
				GCC_C_LANGUAGE_STANDARD = gnu11;
				GCC_DYNAMIC_NO_PIC = NO;
				GCC_NO_COMMON_BLOCKS = YES;
				GCC_OPTIMIZATION_LEVEL = 0;
				GCC_PREPROCESSOR_DEFINITIONS = (
					"DEBUG=1",
					"$(inherited)",
				);
				GCC_WARN_64_TO_32_BIT_CONVERSION = YES;
				GCC_WARN_ABOUT_RETURN_TYPE = YES_ERROR;
				GCC_WARN_UNDECLARED_SELECTOR = YES;
				GCC_WARN_UNINITIALIZED_AUTOS = YES_AGGRESSIVE;
				GCC_WARN_UNUSED_FUNCTION = YES;
				GCC_WARN_UNUSED_VARIABLE = YES;
				IPHONEOS_DEPLOYMENT_TARGET = 16.2;
				MTL_ENABLE_DEBUG_INFO = INCLUDE_SOURCE;
				MTL_FAST_MATH = YES;
				ONLY_ACTIVE_ARCH = YES;
				SDKROOT = iphoneos;
				SWIFT_ACTIVE_COMPILATION_CONDITIONS = DEBUG;
				SWIFT_OPTIMIZATION_LEVEL = "-Onone";
			};
			name = Debug;
		};
		486171532A867E9F0034DCEE /* Release */ = {
			isa = XCBuildConfiguration;
			buildSettings = {
				ALWAYS_SEARCH_USER_PATHS = NO;
				CLANG_ANALYZER_NONNULL = YES;
				CLANG_ANALYZER_NUMBER_OBJECT_CONVERSION = YES_AGGRESSIVE;
				CLANG_CXX_LANGUAGE_STANDARD = "gnu++20";
				CLANG_ENABLE_MODULES = YES;
				CLANG_ENABLE_OBJC_ARC = YES;
				CLANG_ENABLE_OBJC_WEAK = YES;
				CLANG_WARN_BLOCK_CAPTURE_AUTORELEASING = YES;
				CLANG_WARN_BOOL_CONVERSION = YES;
				CLANG_WARN_COMMA = YES;
				CLANG_WARN_CONSTANT_CONVERSION = YES;
				CLANG_WARN_DEPRECATED_OBJC_IMPLEMENTATIONS = YES;
				CLANG_WARN_DIRECT_OBJC_ISA_USAGE = YES_ERROR;
				CLANG_WARN_DOCUMENTATION_COMMENTS = YES;
				CLANG_WARN_EMPTY_BODY = YES;
				CLANG_WARN_ENUM_CONVERSION = YES;
				CLANG_WARN_INFINITE_RECURSION = YES;
				CLANG_WARN_INT_CONVERSION = YES;
				CLANG_WARN_NON_LITERAL_NULL_CONVERSION = YES;
				CLANG_WARN_OBJC_IMPLICIT_RETAIN_SELF = YES;
				CLANG_WARN_OBJC_LITERAL_CONVERSION = YES;
				CLANG_WARN_OBJC_ROOT_CLASS = YES_ERROR;
				CLANG_WARN_QUOTED_INCLUDE_IN_FRAMEWORK_HEADER = YES;
				CLANG_WARN_RANGE_LOOP_ANALYSIS = YES;
				CLANG_WARN_STRICT_PROTOTYPES = YES;
				CLANG_WARN_SUSPICIOUS_MOVE = YES;
				CLANG_WARN_UNGUARDED_AVAILABILITY = YES_AGGRESSIVE;
				CLANG_WARN_UNREACHABLE_CODE = YES;
				CLANG_WARN__DUPLICATE_METHOD_MATCH = YES;
				COPY_PHASE_STRIP = NO;
				DEBUG_INFORMATION_FORMAT = "dwarf-with-dsym";
				ENABLE_NS_ASSERTIONS = NO;
				ENABLE_STRICT_OBJC_MSGSEND = YES;
				GCC_C_LANGUAGE_STANDARD = gnu11;
				GCC_NO_COMMON_BLOCKS = YES;
				GCC_WARN_64_TO_32_BIT_CONVERSION = YES;
				GCC_WARN_ABOUT_RETURN_TYPE = YES_ERROR;
				GCC_WARN_UNDECLARED_SELECTOR = YES;
				GCC_WARN_UNINITIALIZED_AUTOS = YES_AGGRESSIVE;
				GCC_WARN_UNUSED_FUNCTION = YES;
				GCC_WARN_UNUSED_VARIABLE = YES;
				IPHONEOS_DEPLOYMENT_TARGET = 16.2;
				MTL_ENABLE_DEBUG_INFO = NO;
				MTL_FAST_MATH = YES;
				SDKROOT = iphoneos;
				SWIFT_COMPILATION_MODE = wholemodule;
				SWIFT_OPTIMIZATION_LEVEL = "-O";
				VALIDATE_PRODUCT = YES;
			};
			name = Release;
		};
		486171552A867E9F0034DCEE /* Debug */ = {
			isa = XCBuildConfiguration;
			buildSettings = {
				ASSETCATALOG_COMPILER_APPICON_NAME = AppIcon;
				ASSETCATALOG_COMPILER_GLOBAL_ACCENT_COLOR_NAME = AccentColor;
				CODE_SIGN_STYLE = Automatic;
				CURRENT_PROJECT_VERSION = 1;
				DEVELOPMENT_TEAM = A8NKCBCXX2;
				GENERATE_INFOPLIST_FILE = YES;
				INFOPLIST_FILE = "Media Project/Info.plist";
				INFOPLIST_KEY_UIApplicationSupportsIndirectInputEvents = YES;
				INFOPLIST_KEY_UILaunchStoryboardName = LaunchScreen;
				INFOPLIST_KEY_UIMainStoryboardFile = Main;
				INFOPLIST_KEY_UISupportedInterfaceOrientations_iPad = "UIInterfaceOrientationPortrait UIInterfaceOrientationPortraitUpsideDown UIInterfaceOrientationLandscapeLeft UIInterfaceOrientationLandscapeRight";
				INFOPLIST_KEY_UISupportedInterfaceOrientations_iPhone = "UIInterfaceOrientationPortrait UIInterfaceOrientationLandscapeLeft UIInterfaceOrientationLandscapeRight";
				LD_RUNPATH_SEARCH_PATHS = (
					"$(inherited)",
					"@executable_path/Frameworks",
				);
				MARKETING_VERSION = 1.0;
				PRODUCT_BUNDLE_IDENTIFIER = "com.sesac.Week3.Media-Project";
				PRODUCT_NAME = "$(TARGET_NAME)";
				SWIFT_EMIT_LOC_STRINGS = YES;
				SWIFT_VERSION = 5.0;
				TARGETED_DEVICE_FAMILY = "1,2";
			};
			name = Debug;
		};
		486171562A867E9F0034DCEE /* Release */ = {
			isa = XCBuildConfiguration;
			buildSettings = {
				ASSETCATALOG_COMPILER_APPICON_NAME = AppIcon;
				ASSETCATALOG_COMPILER_GLOBAL_ACCENT_COLOR_NAME = AccentColor;
				CODE_SIGN_STYLE = Automatic;
				CURRENT_PROJECT_VERSION = 1;
				DEVELOPMENT_TEAM = A8NKCBCXX2;
				GENERATE_INFOPLIST_FILE = YES;
				INFOPLIST_FILE = "Media Project/Info.plist";
				INFOPLIST_KEY_UIApplicationSupportsIndirectInputEvents = YES;
				INFOPLIST_KEY_UILaunchStoryboardName = LaunchScreen;
				INFOPLIST_KEY_UIMainStoryboardFile = Main;
				INFOPLIST_KEY_UISupportedInterfaceOrientations_iPad = "UIInterfaceOrientationPortrait UIInterfaceOrientationPortraitUpsideDown UIInterfaceOrientationLandscapeLeft UIInterfaceOrientationLandscapeRight";
				INFOPLIST_KEY_UISupportedInterfaceOrientations_iPhone = "UIInterfaceOrientationPortrait UIInterfaceOrientationLandscapeLeft UIInterfaceOrientationLandscapeRight";
				LD_RUNPATH_SEARCH_PATHS = (
					"$(inherited)",
					"@executable_path/Frameworks",
				);
				MARKETING_VERSION = 1.0;
				PRODUCT_BUNDLE_IDENTIFIER = "com.sesac.Week3.Media-Project";
				PRODUCT_NAME = "$(TARGET_NAME)";
				SWIFT_EMIT_LOC_STRINGS = YES;
				SWIFT_VERSION = 5.0;
				TARGETED_DEVICE_FAMILY = "1,2";
			};
			name = Release;
		};
/* End XCBuildConfiguration section */

/* Begin XCConfigurationList section */
		4861713B2A867E9B0034DCEE /* Build configuration list for PBXProject "Media Project" */ = {
			isa = XCConfigurationList;
			buildConfigurations = (
				486171522A867E9F0034DCEE /* Debug */,
				486171532A867E9F0034DCEE /* Release */,
			);
			defaultConfigurationIsVisible = 0;
			defaultConfigurationName = Release;
		};
		486171542A867E9F0034DCEE /* Build configuration list for PBXNativeTarget "Media Project" */ = {
			isa = XCConfigurationList;
			buildConfigurations = (
				486171552A867E9F0034DCEE /* Debug */,
				486171562A867E9F0034DCEE /* Release */,
			);
			defaultConfigurationIsVisible = 0;
			defaultConfigurationName = Release;
		};
/* End XCConfigurationList section */

/* Begin XCRemoteSwiftPackageReference section */
		486171572A867ED20034DCEE /* XCRemoteSwiftPackageReference "Alamofire" */ = {
			isa = XCRemoteSwiftPackageReference;
			repositoryURL = "https://github.com/Alamofire/Alamofire";
			requirement = {
				kind = upToNextMajorVersion;
				minimumVersion = 5.0.0;
			};
		};
		4861715A2A867EE40034DCEE /* XCRemoteSwiftPackageReference "SwiftyJSON" */ = {
			isa = XCRemoteSwiftPackageReference;
			repositoryURL = "https://github.com/SwiftyJSON/SwiftyJSON";
			requirement = {
				branch = master;
				kind = branch;
			};
		};
		486171692A8763400034DCEE /* XCRemoteSwiftPackageReference "Kingfisher" */ = {
			isa = XCRemoteSwiftPackageReference;
			repositoryURL = "https://github.com/onevcat/Kingfisher.git";
			requirement = {
				branch = master;
				kind = branch;
			};
		};
/* End XCRemoteSwiftPackageReference section */

/* Begin XCSwiftPackageProductDependency section */
		486171582A867ED20034DCEE /* Alamofire */ = {
			isa = XCSwiftPackageProductDependency;
			package = 486171572A867ED20034DCEE /* XCRemoteSwiftPackageReference "Alamofire" */;
			productName = Alamofire;
		};
		4861715B2A867EE40034DCEE /* SwiftyJSON */ = {
			isa = XCSwiftPackageProductDependency;
			package = 4861715A2A867EE40034DCEE /* XCRemoteSwiftPackageReference "SwiftyJSON" */;
			productName = SwiftyJSON;
		};
		4861716A2A8763400034DCEE /* Kingfisher */ = {
			isa = XCSwiftPackageProductDependency;
			package = 486171692A8763400034DCEE /* XCRemoteSwiftPackageReference "Kingfisher" */;
			productName = Kingfisher;
		};
/* End XCSwiftPackageProductDependency section */
	};
	rootObject = 486171382A867E9B0034DCEE /* Project object */;
}
